
Microsoft Visual Studio Solution File, Format Version 12.00
# Visual Studio 14
VisualStudioVersion = 14.0.22310.1
MinimumVisualStudioVersion = 10.0.40219.1
Project("{FAE04EC0-301F-11D3-BF4B-00C04F79EFBC}") = "DBRestorer.UI", "DBRestorer\DBRestorer.UI.csproj", "{40CBF670-1F79-4B8F-A794-E74FD2F52B8F}"
EndProject
Project("{FAE04EC0-301F-11D3-BF4B-00C04F79EFBC}") = "DBRestorer.Test", "DBRestorer.Test\DBRestorer.Test.csproj", "{6583265A-1D13-43F1-AADA-21007A6F67AB}"
EndProject
Project("{FAE04EC0-301F-11D3-BF4B-00C04F79EFBC}") = "DBRestorer.Domain", "DBRestorer.Domain\DBRestorer.Domain.csproj", "{F03E41E2-0440-4687-8AE5-601C4AC5D2C5}"
EndProject
Project("{FAE04EC0-301F-11D3-BF4B-00C04F79EFBC}") = "DBRestorer.Model", "DBRestorer.Model\DBRestorer.Model.csproj", "{8E560BA5-2BD6-4FDC-98D6-9FCF863B1A8A}"
EndProject
Project("{FAE04EC0-301F-11D3-BF4B-00C04F79EFBC}") = "CollectionEx", "CollectionEx\CollectionEx\CollectionEx.csproj", "{E4142C9C-2AFD-4579-97E2-767F3196AC4E}"
EndProject
Global
	GlobalSection(SolutionConfigurationPlatforms) = preSolution
		Debug|Any CPU = Debug|Any CPU
		Release|Any CPU = Release|Any CPU
	EndGlobalSection
	GlobalSection(ProjectConfigurationPlatforms) = postSolution
		{40CBF670-1F79-4B8F-A794-E74FD2F52B8F}.Debug|Any CPU.ActiveCfg = Debug|Any CPU
		{40CBF670-1F79-4B8F-A794-E74FD2F52B8F}.Debug|Any CPU.Build.0 = Debug|Any CPU
		{40CBF670-1F79-4B8F-A794-E74FD2F52B8F}.Release|Any CPU.ActiveCfg = Release|Any CPU
		{40CBF670-1F79-4B8F-A794-E74FD2F52B8F}.Release|Any CPU.Build.0 = Release|Any CPU
		{6583265A-1D13-43F1-AADA-21007A6F67AB}.Debug|Any CPU.ActiveCfg = Debug|Any CPU
		{6583265A-1D13-43F1-AADA-21007A6F67AB}.Debug|Any CPU.Build.0 = Debug|Any CPU
		{6583265A-1D13-43F1-AADA-21007A6F67AB}.Release|Any CPU.ActiveCfg = Release|Any CPU
		{6583265A-1D13-43F1-AADA-21007A6F67AB}.Release|Any CPU.Build.0 = Release|Any CPU
		{F03E41E2-0440-4687-8AE5-601C4AC5D2C5}.Debug|Any CPU.ActiveCfg = Debug|Any CPU
		{F03E41E2-0440-4687-8AE5-601C4AC5D2C5}.Debug|Any CPU.Build.0 = Debug|Any CPU
		{F03E41E2-0440-4687-8AE5-601C4AC5D2C5}.Release|Any CPU.ActiveCfg = Release|Any CPU
		{F03E41E2-0440-4687-8AE5-601C4AC5D2C5}.Release|Any CPU.Build.0 = Release|Any CPU
		{8E560BA5-2BD6-4FDC-98D6-9FCF863B1A8A}.Debug|Any CPU.ActiveCfg = Debug|Any CPU
		{8E560BA5-2BD6-4FDC-98D6-9FCF863B1A8A}.Debug|Any CPU.Build.0 = Debug|Any CPU
		{8E560BA5-2BD6-4FDC-98D6-9FCF863B1A8A}.Release|Any CPU.ActiveCfg = Release|Any CPU
		{8E560BA5-2BD6-4FDC-98D6-9FCF863B1A8A}.Release|Any CPU.Build.0 = Release|Any CPU
		{E4142C9C-2AFD-4579-97E2-767F3196AC4E}.Debug|Any CPU.ActiveCfg = Debug|Any CPU
		{E4142C9C-2AFD-4579-97E2-767F3196AC4E}.Debug|Any CPU.Build.0 = Debug|Any CPU
		{E4142C9C-2AFD-4579-97E2-767F3196AC4E}.Release|Any CPU.ActiveCfg = Release|Any CPU
		{E4142C9C-2AFD-4579-97E2-767F3196AC4E}.Release|Any CPU.Build.0 = Release|Any CPU
	EndGlobalSection
	GlobalSection(SolutionProperties) = preSolution
		HideSolutionNode = FALSE
	EndGlobalSection
EndGlobal
